
Microsoft Visual Studio Solution File, Format Version 12.00
# Visual Studio Version 16
VisualStudioVersion = 16.0.30320.27
MinimumVisualStudioVersion = 10.0.40219.1
Project("{9A19103F-16F7-4668-BE54-9A1E7A4F7556}") = "DigitalLearningIntegration.Infraestructure", "..\DigitalLearningIntegration\DigitalLearningIntegration\DigitalLearningIntegration.Infraestructure\DigitalLearningIntegration.Infraestructure.csproj", "{CC74EC7A-21F6-4BE1-AAD9-107CAA005333}"
EndProject
Project("{FAE04EC0-301F-11D3-BF4B-00C04F79EFBC}") = "DigitalLearningIntegration.DAL", "DigitalLearningIntegration.DAL\DigitalLearningIntegration.DAL.csproj", "{AB576F17-8B3D-44C7-B8D3-01B13A593FAE}"
EndProject
Project("{9A19103F-16F7-4668-BE54-9A1E7A4F7556}") = "DigitalLearningIntegration.Application", "..\DigitalLearningIntegration\DigitalLearningIntegration\DigitalLearningIntegration.Application\DigitalLearningIntegration.Application.csproj", "{6B0A10EE-AFA3-4620-B7A5-AF2F9FACA181}"
EndProject
Project("{9A19103F-16F7-4668-BE54-9A1E7A4F7556}") = "DigitalLearningIntegration.WebApi", "..\DigitalLearningIntegration\DigitalLearningIntegration\DigitalLearningIntegration.WebApi\DigitalLearningIntegration.WebApi.csproj", "{5768A480-B1FD-4138-B41D-4652108F4DE1}"
EndProject
Project("{9A19103F-16F7-4668-BE54-9A1E7A4F7556}") = "DigitalLearningDataImporter.TelWebApp", "DigitalLearningDataImporter.TelWebApp\DigitalLearningDataImporter.TelWebApp.csproj", "{E67E0180-0C3E-48AF-92DF-4E025DB4AD4B}"
EndProject
Project("{2150E333-8FDC-42A3-9474-1A3956D46DE8}") = "Solution Items", "Solution Items", "{565A02DA-4ACA-463E-A331-6B5B3F56651E}"
	ProjectSection(SolutionItems) = preProject
		global.json = global.json
	EndProjectSection
EndProject
Project("{FAE04EC0-301F-11D3-BF4B-00C04F79EFBC}") = "DigitalLearningDataImporter.Console", "DigitalLearningDataImporter.Console\DigitalLearningDataImporter.Console.csproj", "{BEA7AE9E-C69F-4F48-B305-A6236DB1DE1A}"
EndProject
Project("{FAE04EC0-301F-11D3-BF4B-00C04F79EFBC}") = "DigitalLearningDataImporter.DALstd", "DigitalLearningDataImporter.DALstd\DigitalLearningDataImporter.DALstd.csproj", "{FFB9F96B-9F88-44CE-B8E0-5197BC45C3FA}"
EndProject
Global
	GlobalSection(SolutionConfigurationPlatforms) = preSolution
		Debug|Any CPU = Debug|Any CPU
		Release|Any CPU = Release|Any CPU
	EndGlobalSection
	GlobalSection(ProjectConfigurationPlatforms) = postSolution
		{CC74EC7A-21F6-4BE1-AAD9-107CAA005333}.Debug|Any CPU.ActiveCfg = Debug|Any CPU
		{CC74EC7A-21F6-4BE1-AAD9-107CAA005333}.Debug|Any CPU.Build.0 = Debug|Any CPU
		{CC74EC7A-21F6-4BE1-AAD9-107CAA005333}.Release|Any CPU.ActiveCfg = Release|Any CPU
		{CC74EC7A-21F6-4BE1-AAD9-107CAA005333}.Release|Any CPU.Build.0 = Release|Any CPU
		{AB576F17-8B3D-44C7-B8D3-01B13A593FAE}.Debug|Any CPU.ActiveCfg = Debug|Any CPU
		{AB576F17-8B3D-44C7-B8D3-01B13A593FAE}.Debug|Any CPU.Build.0 = Debug|Any CPU
		{AB576F17-8B3D-44C7-B8D3-01B13A593FAE}.Release|Any CPU.ActiveCfg = Release|Any CPU
		{AB576F17-8B3D-44C7-B8D3-01B13A593FAE}.Release|Any CPU.Build.0 = Release|Any CPU
		{6B0A10EE-AFA3-4620-B7A5-AF2F9FACA181}.Debug|Any CPU.ActiveCfg = Debug|Any CPU
		{6B0A10EE-AFA3-4620-B7A5-AF2F9FACA181}.Debug|Any CPU.Build.0 = Debug|Any CPU
		{6B0A10EE-AFA3-4620-B7A5-AF2F9FACA181}.Release|Any CPU.ActiveCfg = Release|Any CPU
		{6B0A10EE-AFA3-4620-B7A5-AF2F9FACA181}.Release|Any CPU.Build.0 = Release|Any CPU
		{5768A480-B1FD-4138-B41D-4652108F4DE1}.Debug|Any CPU.ActiveCfg = Debug|Any CPU
		{5768A480-B1FD-4138-B41D-4652108F4DE1}.Debug|Any CPU.Build.0 = Debug|Any CPU
		{5768A480-B1FD-4138-B41D-4652108F4DE1}.Release|Any CPU.ActiveCfg = Release|Any CPU
		{5768A480-B1FD-4138-B41D-4652108F4DE1}.Release|Any CPU.Build.0 = Release|Any CPU
		{E67E0180-0C3E-48AF-92DF-4E025DB4AD4B}.Debug|Any CPU.ActiveCfg = Debug|Any CPU
		{E67E0180-0C3E-48AF-92DF-4E025DB4AD4B}.Debug|Any CPU.Build.0 = Debug|Any CPU
		{E67E0180-0C3E-48AF-92DF-4E025DB4AD4B}.Release|Any CPU.ActiveCfg = Release|Any CPU
		{E67E0180-0C3E-48AF-92DF-4E025DB4AD4B}.Release|Any CPU.Build.0 = Release|Any CPU
		{BEA7AE9E-C69F-4F48-B305-A6236DB1DE1A}.Debug|Any CPU.ActiveCfg = Debug|Any CPU
		{BEA7AE9E-C69F-4F48-B305-A6236DB1DE1A}.Debug|Any CPU.Build.0 = Debug|Any CPU
		{BEA7AE9E-C69F-4F48-B305-A6236DB1DE1A}.Release|Any CPU.ActiveCfg = Release|Any CPU
		{BEA7AE9E-C69F-4F48-B305-A6236DB1DE1A}.Release|Any CPU.Build.0 = Release|Any CPU
		{FFB9F96B-9F88-44CE-B8E0-5197BC45C3FA}.Debug|Any CPU.ActiveCfg = Debug|Any CPU
		{FFB9F96B-9F88-44CE-B8E0-5197BC45C3FA}.Debug|Any CPU.Build.0 = Debug|Any CPU
		{FFB9F96B-9F88-44CE-B8E0-5197BC45C3FA}.Release|Any CPU.ActiveCfg = Release|Any CPU
		{FFB9F96B-9F88-44CE-B8E0-5197BC45C3FA}.Release|Any CPU.Build.0 = Release|Any CPU
	EndGlobalSection
	GlobalSection(SolutionProperties) = preSolution
		HideSolutionNode = FALSE
	EndGlobalSection
	GlobalSection(ExtensibilityGlobals) = postSolution
		SolutionGuid = {CAE6F8F6-EDE1-4FBE-9844-C64BFF20D7C9}
	EndGlobalSection
EndGlobal
